
Microsoft Visual Studio Solution File, Format Version 12.00
# Visual Studio Version 16
VisualStudioVersion = 16.0.30309.148
MinimumVisualStudioVersion = 10.0.40219.1
Project("{FAE04EC0-301F-11D3-BF4B-00C04F79EFBC}") = "Doozr.Common.Application.Desktop.Wpf.CaliburnMicro", "Doozr.Common.Application.Desktop.Wpf.CaliburnMicro\Doozr.Common.Application.Desktop.Wpf.CaliburnMicro.csproj", "{A745DF8A-EDDE-4F1D-A571-39AA2C2DA723}"
EndProject
Global
	GlobalSection(SolutionConfigurationPlatforms) = preSolution
		Debug|Any CPU = Debug|Any CPU
		Release|Any CPU = Release|Any CPU
	EndGlobalSection
	GlobalSection(ProjectConfigurationPlatforms) = postSolution
		{A745DF8A-EDDE-4F1D-A571-39AA2C2DA723}.Debug|Any CPU.ActiveCfg = Debug|Any CPU
		{A745DF8A-EDDE-4F1D-A571-39AA2C2DA723}.Debug|Any CPU.Build.0 = Debug|Any CPU
		{A745DF8A-EDDE-4F1D-A571-39AA2C2DA723}.Release|Any CPU.ActiveCfg = Release|Any CPU
		{A745DF8A-EDDE-4F1D-A571-39AA2C2DA723}.Release|Any CPU.Build.0 = Release|Any CPU
	EndGlobalSection
	GlobalSection(SolutionProperties) = preSolution
		HideSolutionNode = FALSE
	EndGlobalSection
	GlobalSection(ExtensibilityGlobals) = postSolution
		SolutionGuid = {74B98282-4C63-4ED1-BD01-897530EA5F67}
	EndGlobalSection
EndGlobal
