
Microsoft Visual Studio Solution File, Format Version 12.00
# Visual Studio Version 16
VisualStudioVersion = 16.0.30309.148
MinimumVisualStudioVersion = 10.0.40219.1
Project("{9A19103F-16F7-4668-BE54-9A1E7A4F7556}") = "Doozr.Common.Application.Desktop.Wpf", "Doozr.Common.Application.Desktop.Wpf\Doozr.Common.Application.Desktop.Wpf.csproj", "{CFF08976-C235-4877-94F0-3FDF422B2A50}"
EndProject
Project("{9A19103F-16F7-4668-BE54-9A1E7A4F7556}") = "Doozr.Common.Application.Desktop.Wpf.Contracts", "Doozr.Common.Application.Desktop.Wpf.Contracts\Doozr.Common.Application.Desktop.Wpf.Contracts.csproj", "{182B4A8D-F069-423B-A309-BABE2ED00746}"
EndProject
Project("{9A19103F-16F7-4668-BE54-9A1E7A4F7556}") = "Doozr.Common.Application.Desktop", "..\Doozr.Common.Application.Desktop\Doozr.Common.Application.Desktop\Doozr.Common.Application.Desktop.csproj", "{57F44941-5859-4693-99A6-201DCF03BAD6}"
EndProject
Project("{2150E333-8FDC-42A3-9474-1A3956D46DE8}") = "Dependencies", "Dependencies", "{06CD72D0-0ABC-462D-84DA-97EB20F201DB}"
EndProject
Project("{9A19103F-16F7-4668-BE54-9A1E7A4F7556}") = "Doozr.Common.Application.Contracts", "..\Doozr.Common.Application\Doozr.Common.Application.Contracts\Doozr.Common.Application.Contracts.csproj", "{EB88CF22-4AEB-404C-98FF-1228D1FAC7F3}"
EndProject
Project("{9A19103F-16F7-4668-BE54-9A1E7A4F7556}") = "Doozr.Common.Application.Desktop.Contracts", "..\Doozr.Common.Application.Desktop\Doozr.Common.Application.Desktop.Contracts\Doozr.Common.Application.Desktop.Contracts.csproj", "{A2CF6156-BB47-4671-822A-028F7CFBD181}"
EndProject
Project("{9A19103F-16F7-4668-BE54-9A1E7A4F7556}") = "Doozr.Common.Logging.Aspect", "..\Doozr.Common.Logging\Doozr.Common.Logging.Aspect\Doozr.Common.Logging.Aspect.csproj", "{ED4F8146-DE14-4F68-AFF4-7FDAEA425917}"
EndProject
Project("{9A19103F-16F7-4668-BE54-9A1E7A4F7556}") = "Doozr.Common.Logging.Contracts", "..\Doozr.Common.Logging\Doozr.Common.Logging.Contracts\Doozr.Common.Logging.Contracts.csproj", "{1B41F61D-3076-4EDB-876C-E5C18D02E289}"
EndProject
Global
	GlobalSection(SolutionConfigurationPlatforms) = preSolution
		Debug|Any CPU = Debug|Any CPU
		Release|Any CPU = Release|Any CPU
	EndGlobalSection
	GlobalSection(ProjectConfigurationPlatforms) = postSolution
		{CFF08976-C235-4877-94F0-3FDF422B2A50}.Debug|Any CPU.ActiveCfg = Debug|Any CPU
		{CFF08976-C235-4877-94F0-3FDF422B2A50}.Debug|Any CPU.Build.0 = Debug|Any CPU
		{CFF08976-C235-4877-94F0-3FDF422B2A50}.Release|Any CPU.ActiveCfg = Release|Any CPU
		{CFF08976-C235-4877-94F0-3FDF422B2A50}.Release|Any CPU.Build.0 = Release|Any CPU
		{182B4A8D-F069-423B-A309-BABE2ED00746}.Debug|Any CPU.ActiveCfg = Debug|Any CPU
		{182B4A8D-F069-423B-A309-BABE2ED00746}.Debug|Any CPU.Build.0 = Debug|Any CPU
		{182B4A8D-F069-423B-A309-BABE2ED00746}.Release|Any CPU.ActiveCfg = Release|Any CPU
		{182B4A8D-F069-423B-A309-BABE2ED00746}.Release|Any CPU.Build.0 = Release|Any CPU
		{57F44941-5859-4693-99A6-201DCF03BAD6}.Debug|Any CPU.ActiveCfg = Debug|Any CPU
		{57F44941-5859-4693-99A6-201DCF03BAD6}.Debug|Any CPU.Build.0 = Debug|Any CPU
		{57F44941-5859-4693-99A6-201DCF03BAD6}.Release|Any CPU.ActiveCfg = Release|Any CPU
		{57F44941-5859-4693-99A6-201DCF03BAD6}.Release|Any CPU.Build.0 = Release|Any CPU
		{EB88CF22-4AEB-404C-98FF-1228D1FAC7F3}.Debug|Any CPU.ActiveCfg = Debug|Any CPU
		{EB88CF22-4AEB-404C-98FF-1228D1FAC7F3}.Debug|Any CPU.Build.0 = Debug|Any CPU
		{EB88CF22-4AEB-404C-98FF-1228D1FAC7F3}.Release|Any CPU.ActiveCfg = Release|Any CPU
		{EB88CF22-4AEB-404C-98FF-1228D1FAC7F3}.Release|Any CPU.Build.0 = Release|Any CPU
		{A2CF6156-BB47-4671-822A-028F7CFBD181}.Debug|Any CPU.ActiveCfg = Debug|Any CPU
		{A2CF6156-BB47-4671-822A-028F7CFBD181}.Debug|Any CPU.Build.0 = Debug|Any CPU
		{A2CF6156-BB47-4671-822A-028F7CFBD181}.Release|Any CPU.ActiveCfg = Release|Any CPU
		{A2CF6156-BB47-4671-822A-028F7CFBD181}.Release|Any CPU.Build.0 = Release|Any CPU
		{ED4F8146-DE14-4F68-AFF4-7FDAEA425917}.Debug|Any CPU.ActiveCfg = Debug|Any CPU
		{ED4F8146-DE14-4F68-AFF4-7FDAEA425917}.Debug|Any CPU.Build.0 = Debug|Any CPU
		{ED4F8146-DE14-4F68-AFF4-7FDAEA425917}.Release|Any CPU.ActiveCfg = Release|Any CPU
		{ED4F8146-DE14-4F68-AFF4-7FDAEA425917}.Release|Any CPU.Build.0 = Release|Any CPU
		{1B41F61D-3076-4EDB-876C-E5C18D02E289}.Debug|Any CPU.ActiveCfg = Debug|Any CPU
		{1B41F61D-3076-4EDB-876C-E5C18D02E289}.Debug|Any CPU.Build.0 = Debug|Any CPU
		{1B41F61D-3076-4EDB-876C-E5C18D02E289}.Release|Any CPU.ActiveCfg = Release|Any CPU
		{1B41F61D-3076-4EDB-876C-E5C18D02E289}.Release|Any CPU.Build.0 = Release|Any CPU
	EndGlobalSection
	GlobalSection(SolutionProperties) = preSolution
		HideSolutionNode = FALSE
	EndGlobalSection
	GlobalSection(NestedProjects) = preSolution
		{57F44941-5859-4693-99A6-201DCF03BAD6} = {06CD72D0-0ABC-462D-84DA-97EB20F201DB}
		{EB88CF22-4AEB-404C-98FF-1228D1FAC7F3} = {06CD72D0-0ABC-462D-84DA-97EB20F201DB}
		{A2CF6156-BB47-4671-822A-028F7CFBD181} = {06CD72D0-0ABC-462D-84DA-97EB20F201DB}
		{ED4F8146-DE14-4F68-AFF4-7FDAEA425917} = {06CD72D0-0ABC-462D-84DA-97EB20F201DB}
		{1B41F61D-3076-4EDB-876C-E5C18D02E289} = {06CD72D0-0ABC-462D-84DA-97EB20F201DB}
	EndGlobalSection
	GlobalSection(ExtensibilityGlobals) = postSolution
		SolutionGuid = {B24EB3F2-A0D4-4F75-A59B-A9EA434B42AF}
	EndGlobalSection
EndGlobal
