
Microsoft Visual Studio Solution File, Format Version 12.00
# Visual Studio Version 16
VisualStudioVersion = 16.0.29609.76
MinimumVisualStudioVersion = 10.0.40219.1
Project("{FAE04EC0-301F-11D3-BF4B-00C04F79EFBC}") = "Doozr.Common.Utilities", "Doozr.Common.Utilities\Doozr.Common.Utilities.csproj", "{278BF749-4F4F-4250-B809-2D0DC839E006}"
EndProject
Project("{FAE04EC0-301F-11D3-BF4B-00C04F79EFBC}") = "Doozr.Common.Utilities.Tests", "Doozr.Common.Utilities.Tests\Doozr.Common.Utilities.Tests.csproj", "{9D559B50-F24C-4D8D-AF32-4110CB83B3BB}"
EndProject
Global
	GlobalSection(SolutionConfigurationPlatforms) = preSolution
		Debug|Any CPU = Debug|Any CPU
		Release|Any CPU = Release|Any CPU
	EndGlobalSection
	GlobalSection(ProjectConfigurationPlatforms) = postSolution
		{278BF749-4F4F-4250-B809-2D0DC839E006}.Debug|Any CPU.ActiveCfg = Debug|Any CPU
		{278BF749-4F4F-4250-B809-2D0DC839E006}.Debug|Any CPU.Build.0 = Debug|Any CPU
		{278BF749-4F4F-4250-B809-2D0DC839E006}.Release|Any CPU.ActiveCfg = Release|Any CPU
		{278BF749-4F4F-4250-B809-2D0DC839E006}.Release|Any CPU.Build.0 = Release|Any CPU
		{9D559B50-F24C-4D8D-AF32-4110CB83B3BB}.Debug|Any CPU.ActiveCfg = Debug|Any CPU
		{9D559B50-F24C-4D8D-AF32-4110CB83B3BB}.Debug|Any CPU.Build.0 = Debug|Any CPU
		{9D559B50-F24C-4D8D-AF32-4110CB83B3BB}.Release|Any CPU.ActiveCfg = Release|Any CPU
		{9D559B50-F24C-4D8D-AF32-4110CB83B3BB}.Release|Any CPU.Build.0 = Release|Any CPU
	EndGlobalSection
	GlobalSection(SolutionProperties) = preSolution
		HideSolutionNode = FALSE
	EndGlobalSection
	GlobalSection(ExtensibilityGlobals) = postSolution
		SolutionGuid = {4B5C0548-4954-4E53-B0CE-537E301F9F95}
	EndGlobalSection
EndGlobal
