
Microsoft Visual Studio Solution File, Format Version 12.00
# Visual Studio Version 16
VisualStudioVersion = 16.0.30309.148
MinimumVisualStudioVersion = 10.0.40219.1
Project("{9A19103F-16F7-4668-BE54-9A1E7A4F7556}") = "Doozr.Common.Logging", "Doozr.Common.Logging\Doozr.Common.Logging.csproj", "{B73C0C0D-4733-4E12-A98F-CCB75EB9A587}"
EndProject
Project("{9A19103F-16F7-4668-BE54-9A1E7A4F7556}") = "Doozr.Common.Logging.Contracts", "Doozr.Common.Logging.Contracts\Doozr.Common.Logging.Contracts.csproj", "{CBC318B2-5C28-415F-ABB9-4D4CE27779AC}"
EndProject
Project("{9A19103F-16F7-4668-BE54-9A1E7A4F7556}") = "Doozr.Common.Logging.CommonLogging", "Doozr.Common.Logging.CommonLogging\Doozr.Common.Logging.CommonLogging.csproj", "{A6AD3D59-6341-452D-84C9-C551F6EAA1BC}"
EndProject
Project("{2150E333-8FDC-42A3-9474-1A3956D46DE8}") = "Implementations", "Implementations", "{A0C9BB92-25EB-4ED8-9136-8D08581E815C}"
EndProject
Project("{9A19103F-16F7-4668-BE54-9A1E7A4F7556}") = "Doozr.Common.Logging.Autofac", "Doozr.Common.Logging.Autofac\Doozr.Common.Logging.Autofac.csproj", "{EC5B6790-E5B6-4BF5-8E60-73E064A249D0}"
EndProject
Project("{9A19103F-16F7-4668-BE54-9A1E7A4F7556}") = "Doozr.Common.Logging.Aspect", "Doozr.Common.Logging.Aspect\Doozr.Common.Logging.Aspect.csproj", "{1D00630E-309E-4065-9F36-008CFD4F90EE}"
EndProject
Project("{2150E333-8FDC-42A3-9474-1A3956D46DE8}") = "_Dependencies", "_Dependencies", "{0691B299-5724-4B86-B06C-CB20E1E83017}"
EndProject
Project("{9A19103F-16F7-4668-BE54-9A1E7A4F7556}") = "Doozr.Common.Application.Contracts", "..\Doozr.Common.Application\Doozr.Common.Application.Contracts\Doozr.Common.Application.Contracts.csproj", "{0A88A4FE-E9C1-48EF-A661-706E7885EF56}"
EndProject
Global
	GlobalSection(SolutionConfigurationPlatforms) = preSolution
		Debug|Any CPU = Debug|Any CPU
		Release|Any CPU = Release|Any CPU
	EndGlobalSection
	GlobalSection(ProjectConfigurationPlatforms) = postSolution
		{B73C0C0D-4733-4E12-A98F-CCB75EB9A587}.Debug|Any CPU.ActiveCfg = Debug|Any CPU
		{B73C0C0D-4733-4E12-A98F-CCB75EB9A587}.Debug|Any CPU.Build.0 = Debug|Any CPU
		{B73C0C0D-4733-4E12-A98F-CCB75EB9A587}.Release|Any CPU.ActiveCfg = Release|Any CPU
		{B73C0C0D-4733-4E12-A98F-CCB75EB9A587}.Release|Any CPU.Build.0 = Release|Any CPU
		{CBC318B2-5C28-415F-ABB9-4D4CE27779AC}.Debug|Any CPU.ActiveCfg = Debug|Any CPU
		{CBC318B2-5C28-415F-ABB9-4D4CE27779AC}.Debug|Any CPU.Build.0 = Debug|Any CPU
		{CBC318B2-5C28-415F-ABB9-4D4CE27779AC}.Release|Any CPU.ActiveCfg = Release|Any CPU
		{CBC318B2-5C28-415F-ABB9-4D4CE27779AC}.Release|Any CPU.Build.0 = Release|Any CPU
		{A6AD3D59-6341-452D-84C9-C551F6EAA1BC}.Debug|Any CPU.ActiveCfg = Debug|Any CPU
		{A6AD3D59-6341-452D-84C9-C551F6EAA1BC}.Debug|Any CPU.Build.0 = Debug|Any CPU
		{A6AD3D59-6341-452D-84C9-C551F6EAA1BC}.Release|Any CPU.ActiveCfg = Release|Any CPU
		{A6AD3D59-6341-452D-84C9-C551F6EAA1BC}.Release|Any CPU.Build.0 = Release|Any CPU
		{EC5B6790-E5B6-4BF5-8E60-73E064A249D0}.Debug|Any CPU.ActiveCfg = Debug|Any CPU
		{EC5B6790-E5B6-4BF5-8E60-73E064A249D0}.Debug|Any CPU.Build.0 = Debug|Any CPU
		{EC5B6790-E5B6-4BF5-8E60-73E064A249D0}.Release|Any CPU.ActiveCfg = Release|Any CPU
		{EC5B6790-E5B6-4BF5-8E60-73E064A249D0}.Release|Any CPU.Build.0 = Release|Any CPU
		{1D00630E-309E-4065-9F36-008CFD4F90EE}.Debug|Any CPU.ActiveCfg = Debug|Any CPU
		{1D00630E-309E-4065-9F36-008CFD4F90EE}.Debug|Any CPU.Build.0 = Debug|Any CPU
		{1D00630E-309E-4065-9F36-008CFD4F90EE}.Release|Any CPU.ActiveCfg = Release|Any CPU
		{1D00630E-309E-4065-9F36-008CFD4F90EE}.Release|Any CPU.Build.0 = Release|Any CPU
		{0A88A4FE-E9C1-48EF-A661-706E7885EF56}.Debug|Any CPU.ActiveCfg = Debug|Any CPU
		{0A88A4FE-E9C1-48EF-A661-706E7885EF56}.Debug|Any CPU.Build.0 = Debug|Any CPU
		{0A88A4FE-E9C1-48EF-A661-706E7885EF56}.Release|Any CPU.ActiveCfg = Release|Any CPU
		{0A88A4FE-E9C1-48EF-A661-706E7885EF56}.Release|Any CPU.Build.0 = Release|Any CPU
	EndGlobalSection
	GlobalSection(SolutionProperties) = preSolution
		HideSolutionNode = FALSE
	EndGlobalSection
	GlobalSection(NestedProjects) = preSolution
		{A6AD3D59-6341-452D-84C9-C551F6EAA1BC} = {A0C9BB92-25EB-4ED8-9136-8D08581E815C}
		{0A88A4FE-E9C1-48EF-A661-706E7885EF56} = {0691B299-5724-4B86-B06C-CB20E1E83017}
	EndGlobalSection
	GlobalSection(ExtensibilityGlobals) = postSolution
		SolutionGuid = {03A49BC3-2331-4F4F-9B34-3D23BC8D21A7}
	EndGlobalSection
EndGlobal
